// !$*UTF8*$!
{
	archiveVersion = 1;
	classes = {
	};
	objectVersion = 46;
	objects = {

/* Begin PBXBuildFile section */
		E9397DAE1AB2A0DB002AD86B /* treetester.cpp in Sources */ = {isa = PBXBuildFile; fileRef = E9397DAD1AB2A0DB002AD86B /* treetester.cpp */; };
		E9E910181AB65DB200A0E4D6 /* treecode.cu.cpp.ii in Sources */ = {isa = PBXBuildFile; fileRef = E9E910171AB65DB200A0E4D6 /* treecode.cu.cpp.ii */; };
		E9E9101F1AB6701500A0E4D6 /* libcudart_static.a in Frameworks */ = {isa = PBXBuildFile; fileRef = E9E9101E1AB6701500A0E4D6 /* libcudart_static.a */; };
		E9E910221AB67D4600A0E4D6 /* libcudadevrt.a in Frameworks */ = {isa = PBXBuildFile; fileRef = E9E910211AB67D4600A0E4D6 /* libcudadevrt.a */; };
/* End PBXBuildFile section */

/* Begin PBXContainerItemProxy section */
		E9E910191AB65DE800A0E4D6 /* PBXContainerItemProxy */ = {
			isa = PBXContainerItemProxy;
			containerPortal = E9397D981AB2A06C002AD86B /* Project object */;
			proxyType = 1;
			remoteGlobalIDString = E9E910131AB65D3000A0E4D6;
			remoteInfo = "TreeTraverse-CUDA";
		};
/* End PBXContainerItemProxy section */

/* Begin PBXCopyFilesBuildPhase section */
		E9397D9E1AB2A06C002AD86B /* CopyFiles */ = {
			isa = PBXCopyFilesBuildPhase;
			buildActionMask = 2147483647;
			dstPath = /usr/share/man/man1/;
			dstSubfolderSpec = 0;
			files = (
			);
			runOnlyForDeploymentPostprocessing = 1;
		};
/* End PBXCopyFilesBuildPhase section */

/* Begin PBXFileReference section */
		E9397DA01AB2A06C002AD86B /* TreeTraverse */ = {isa = PBXFileReference; explicitFileType = "compiled.mach-o.executable"; includeInIndex = 0; path = TreeTraverse; sourceTree = BUILT_PRODUCTS_DIR; };
		E9397DAA1AB2A0DB002AD86B /* makeplummer.py */ = {isa = PBXFileReference; fileEncoding = 4; lastKnownFileType = text.script.python; path = makeplummer.py; sourceTree = SOURCE_ROOT; };
		E9397DAB1AB2A0DB002AD86B /* treecode.cu */ = {isa = PBXFileReference; explicitFileType = sourcecode.cpp.cpp; fileEncoding = 4; path = treecode.cu; sourceTree = SOURCE_ROOT; };
		E9397DAC1AB2A0DB002AD86B /* treedefs.h */ = {isa = PBXFileReference; fileEncoding = 4; lastKnownFileType = sourcecode.c.h; path = treedefs.h; sourceTree = SOURCE_ROOT; };
		E9397DAD1AB2A0DB002AD86B /* treetester.cpp */ = {isa = PBXFileReference; fileEncoding = 4; lastKnownFileType = sourcecode.cpp.cpp; path = treetester.cpp; sourceTree = SOURCE_ROOT; };
		E9397DB01AB2A1D7002AD86B /* plummer1k.dat */ = {isa = PBXFileReference; lastKnownFileType = file; name = plummer1k.dat; path = data/plummer1k.dat; sourceTree = "<group>"; };
		E9397DB11AB2A1D7002AD86B /* plummer10.dat */ = {isa = PBXFileReference; lastKnownFileType = file; name = plummer10.dat; path = data/plummer10.dat; sourceTree = "<group>"; };
		E9397DB21AB2A1D7002AD86B /* plummer10k.dat */ = {isa = PBXFileReference; lastKnownFileType = file; name = plummer10k.dat; path = data/plummer10k.dat; sourceTree = "<group>"; };
		E9397DB31AB2A1D7002AD86B /* plummer100.dat */ = {isa = PBXFileReference; lastKnownFileType = file; name = plummer100.dat; path = data/plummer100.dat; sourceTree = "<group>"; };
		E9397DB41AB2A1D7002AD86B /* plummer100k.dat */ = {isa = PBXFileReference; lastKnownFileType = file; name = plummer100k.dat; path = data/plummer100k.dat; sourceTree = "<group>"; };
		E966CD161AB6D70F00433ACD /* CudaArrayCopyUtils.h */ = {isa = PBXFileReference; lastKnownFileType = sourcecode.c.h; name = CudaArrayCopyUtils.h; path = ../CudaArrayCopyUtils.h; sourceTree = "<group>"; };
		E98A885D1AB2D3F400E64D76 /* Miniball.hpp */ = {isa = PBXFileReference; fileEncoding = 4; lastKnownFileType = sourcecode.cpp.h; path = Miniball.hpp; sourceTree = SOURCE_ROOT; };
		E9E910171AB65DB200A0E4D6 /* treecode.cu.cpp.ii */ = {isa = PBXFileReference; fileEncoding = 4; lastKnownFileType = sourcecode.cpp.cpp.preprocessed; path = treecode.cu.cpp.ii; sourceTree = "<group>"; };
		E9E9101B1AB6636700A0E4D6 /* treecodeCU.h */ = {isa = PBXFileReference; lastKnownFileType = sourcecode.c.h; path = treecodeCU.h; sourceTree = SOURCE_ROOT; };
		E9E9101E1AB6701500A0E4D6 /* libcudart_static.a */ = {isa = PBXFileReference; lastKnownFileType = archive.ar; name = libcudart_static.a; path = "../../../../../../Developer/NVIDIA/CUDA-7.0/lib/libcudart_static.a"; sourceTree = "<group>"; };
		E9E910201AB6794800A0E4D6 /* cudahelper.h */ = {isa = PBXFileReference; lastKnownFileType = sourcecode.c.h; path = cudahelper.h; sourceTree = SOURCE_ROOT; };
		E9E910211AB67D4600A0E4D6 /* libcudadevrt.a */ = {isa = PBXFileReference; lastKnownFileType = archive.ar; name = libcudadevrt.a; path = "../../../../../../Developer/NVIDIA/CUDA-7.0/lib/libcudadevrt.a"; sourceTree = "<group>"; };
/* End PBXFileReference section */

/* Begin PBXFrameworksBuildPhase section */
		E9397D9D1AB2A06C002AD86B /* Frameworks */ = {
			isa = PBXFrameworksBuildPhase;
			buildActionMask = 2147483647;
			files = (
				E9E910221AB67D4600A0E4D6 /* libcudadevrt.a in Frameworks */,
				E9E9101F1AB6701500A0E4D6 /* libcudart_static.a in Frameworks */,
			);
			runOnlyForDeploymentPostprocessing = 0;
		};
/* End PBXFrameworksBuildPhase section */

/* Begin PBXGroup section */
		E9397D971AB2A06C002AD86B = {
			isa = PBXGroup;
			children = (
				E9E910211AB67D4600A0E4D6 /* libcudadevrt.a */,
				E9E9101E1AB6701500A0E4D6 /* libcudart_static.a */,
				E9397DAF1AB2A1C8002AD86B /* Data */,
				E9397DA21AB2A06C002AD86B /* TreeTraverse */,
				E9397DA11AB2A06C002AD86B /* Products */,
				E9E910171AB65DB200A0E4D6 /* treecode.cu.cpp.ii */,
			);
			sourceTree = "<group>";
		};
		E9397DA11AB2A06C002AD86B /* Products */ = {
			isa = PBXGroup;
			children = (
				E9397DA01AB2A06C002AD86B /* TreeTraverse */,
			);
			name = Products;
			sourceTree = "<group>";
		};
		E9397DA21AB2A06C002AD86B /* TreeTraverse */ = {
			isa = PBXGroup;
			children = (
				E966CD161AB6D70F00433ACD /* CudaArrayCopyUtils.h */,
				E9397DAA1AB2A0DB002AD86B /* makeplummer.py */,
				E9397DAB1AB2A0DB002AD86B /* treecode.cu */,
				E9397DAC1AB2A0DB002AD86B /* treedefs.h */,
				E98A885D1AB2D3F400E64D76 /* Miniball.hpp */,
				E9397DAD1AB2A0DB002AD86B /* treetester.cpp */,
				E9E9101B1AB6636700A0E4D6 /* treecodeCU.h */,
				E9E910201AB6794800A0E4D6 /* cudahelper.h */,
			);
			path = TreeTraverse;
			sourceTree = "<group>";
		};
		E9397DAF1AB2A1C8002AD86B /* Data */ = {
			isa = PBXGroup;
			children = (
				E9397DB01AB2A1D7002AD86B /* plummer1k.dat */,
				E9397DB11AB2A1D7002AD86B /* plummer10.dat */,
				E9397DB21AB2A1D7002AD86B /* plummer10k.dat */,
				E9397DB31AB2A1D7002AD86B /* plummer100.dat */,
				E9397DB41AB2A1D7002AD86B /* plummer100k.dat */,
			);
			name = Data;
			sourceTree = "<group>";
		};
/* End PBXGroup section */

/* Begin PBXLegacyTarget section */
		E9E910131AB65D3000A0E4D6 /* TreeTraverse-CUDA */ = {
			isa = PBXLegacyTarget;
			buildArgumentsString = "-arch=compute_30 -code=sm_30 -std=c++11 -v -cuda treecode.cu";
			buildConfigurationList = E9E910141AB65D3000A0E4D6 /* Build configuration list for PBXLegacyTarget "TreeTraverse-CUDA" */;
			buildPhases = (
			);
			buildToolPath = "/Developer/NVIDIA/CUDA-7.0/bin/nvcc";
			buildWorkingDirectory = /Users/thomas/Documents/Brown/Proteins/TreeTraverse;
			dependencies = (
			);
			name = "TreeTraverse-CUDA";
			passBuildSettingsInEnvironment = 0;
			productName = "TreeTraverse-CUDA";
		};
/* End PBXLegacyTarget section */

/* Begin PBXNativeTarget section */
		E9397D9F1AB2A06C002AD86B /* TreeTraverse */ = {
			isa = PBXNativeTarget;
			buildConfigurationList = E9397DA71AB2A06C002AD86B /* Build configuration list for PBXNativeTarget "TreeTraverse" */;
			buildPhases = (
				E9397D9C1AB2A06C002AD86B /* Sources */,
				E9397D9D1AB2A06C002AD86B /* Frameworks */,
				E9397D9E1AB2A06C002AD86B /* CopyFiles */,
			);
			buildRules = (
			);
			dependencies = (
				E9E9101A1AB65DE800A0E4D6 /* PBXTargetDependency */,
			);
			name = TreeTraverse;
			productName = TreeTraverse;
			productReference = E9397DA01AB2A06C002AD86B /* TreeTraverse */;
			productType = "com.apple.product-type.tool";
		};
/* End PBXNativeTarget section */

/* Begin PBXProject section */
		E9397D981AB2A06C002AD86B /* Project object */ = {
			isa = PBXProject;
			attributes = {
				LastUpgradeCheck = 0620;
				ORGANIZATIONNAME = "StickFigure Graphic Productions";
				TargetAttributes = {
					E9397D9F1AB2A06C002AD86B = {
						CreatedOnToolsVersion = 6.2;
					};
					E9E910131AB65D3000A0E4D6 = {
						CreatedOnToolsVersion = 6.2;
					};
				};
			};
			buildConfigurationList = E9397D9B1AB2A06C002AD86B /* Build configuration list for PBXProject "TreeTraverse" */;
			compatibilityVersion = "Xcode 3.2";
			developmentRegion = English;
			hasScannedForEncodings = 0;
			knownRegions = (
				en,
			);
			mainGroup = E9397D971AB2A06C002AD86B;
			productRefGroup = E9397DA11AB2A06C002AD86B /* Products */;
			projectDirPath = "";
			projectRoot = "";
			targets = (
				E9397D9F1AB2A06C002AD86B /* TreeTraverse */,
				E9E910131AB65D3000A0E4D6 /* TreeTraverse-CUDA */,
			);
		};
/* End PBXProject section */

/* Begin PBXSourcesBuildPhase section */
		E9397D9C1AB2A06C002AD86B /* Sources */ = {
			isa = PBXSourcesBuildPhase;
			buildActionMask = 2147483647;
			files = (
				E9E910181AB65DB200A0E4D6 /* treecode.cu.cpp.ii in Sources */,
				E9397DAE1AB2A0DB002AD86B /* treetester.cpp in Sources */,
			);
			runOnlyForDeploymentPostprocessing = 0;
		};
/* End PBXSourcesBuildPhase section */

/* Begin PBXTargetDependency section */
		E9E9101A1AB65DE800A0E4D6 /* PBXTargetDependency */ = {
			isa = PBXTargetDependency;
			target = E9E910131AB65D3000A0E4D6 /* TreeTraverse-CUDA */;
			targetProxy = E9E910191AB65DE800A0E4D6 /* PBXContainerItemProxy */;
		};
/* End PBXTargetDependency section */

/* Begin XCBuildConfiguration section */
		E9397DA51AB2A06C002AD86B /* Debug */ = {
			isa = XCBuildConfiguration;
			buildSettings = {
				ALWAYS_SEARCH_USER_PATHS = NO;
				CLANG_CXX_LANGUAGE_STANDARD = "gnu++0x";
				CLANG_CXX_LIBRARY = "libc++";
				CLANG_ENABLE_MODULES = YES;
				CLANG_ENABLE_OBJC_ARC = YES;
				CLANG_WARN_BOOL_CONVERSION = YES;
				CLANG_WARN_CONSTANT_CONVERSION = YES;
				CLANG_WARN_DIRECT_OBJC_ISA_USAGE = YES_ERROR;
				CLANG_WARN_EMPTY_BODY = YES;
				CLANG_WARN_ENUM_CONVERSION = YES;
				CLANG_WARN_INT_CONVERSION = YES;
				CLANG_WARN_OBJC_ROOT_CLASS = YES_ERROR;
				CLANG_WARN_UNREACHABLE_CODE = YES;
				CLANG_WARN__DUPLICATE_METHOD_MATCH = YES;
				COPY_PHASE_STRIP = NO;
				ENABLE_STRICT_OBJC_MSGSEND = YES;
				GCC_C_LANGUAGE_STANDARD = gnu99;
				GCC_DYNAMIC_NO_PIC = NO;
				GCC_OPTIMIZATION_LEVEL = 0;
				GCC_PREPROCESSOR_DEFINITIONS = (
					"DEBUG=1",
					"$(inherited)",
				);
				GCC_SYMBOLS_PRIVATE_EXTERN = NO;
				GCC_WARN_64_TO_32_BIT_CONVERSION = YES;
				GCC_WARN_ABOUT_RETURN_TYPE = YES_ERROR;
				GCC_WARN_UNDECLARED_SELECTOR = YES;
				GCC_WARN_UNINITIALIZED_AUTOS = YES_AGGRESSIVE;
				GCC_WARN_UNUSED_FUNCTION = YES;
				GCC_WARN_UNUSED_VARIABLE = YES;
				MACOSX_DEPLOYMENT_TARGET = 10.10;
				MTL_ENABLE_DEBUG_INFO = YES;
				ONLY_ACTIVE_ARCH = YES;
				SDKROOT = macosx;
			};
			name = Debug;
		};
		E9397DA61AB2A06C002AD86B /* Release */ = {
			isa = XCBuildConfiguration;
			buildSettings = {
				ALWAYS_SEARCH_USER_PATHS = NO;
				CLANG_CXX_LANGUAGE_STANDARD = "gnu++0x";
				CLANG_CXX_LIBRARY = "libc++";
				CLANG_ENABLE_MODULES = YES;
				CLANG_ENABLE_OBJC_ARC = YES;
				CLANG_WARN_BOOL_CONVERSION = YES;
				CLANG_WARN_CONSTANT_CONVERSION = YES;
				CLANG_WARN_DIRECT_OBJC_ISA_USAGE = YES_ERROR;
				CLANG_WARN_EMPTY_BODY = YES;
				CLANG_WARN_ENUM_CONVERSION = YES;
				CLANG_WARN_INT_CONVERSION = YES;
				CLANG_WARN_OBJC_ROOT_CLASS = YES_ERROR;
				CLANG_WARN_UNREACHABLE_CODE = YES;
				CLANG_WARN__DUPLICATE_METHOD_MATCH = YES;
				COPY_PHASE_STRIP = NO;
				DEBUG_INFORMATION_FORMAT = "dwarf-with-dsym";
				ENABLE_NS_ASSERTIONS = NO;
				ENABLE_STRICT_OBJC_MSGSEND = YES;
				GCC_C_LANGUAGE_STANDARD = gnu99;
				GCC_WARN_64_TO_32_BIT_CONVERSION = YES;
				GCC_WARN_ABOUT_RETURN_TYPE = YES_ERROR;
				GCC_WARN_UNDECLARED_SELECTOR = YES;
				GCC_WARN_UNINITIALIZED_AUTOS = YES_AGGRESSIVE;
				GCC_WARN_UNUSED_FUNCTION = YES;
				GCC_WARN_UNUSED_VARIABLE = YES;
				MACOSX_DEPLOYMENT_TARGET = 10.10;
				MTL_ENABLE_DEBUG_INFO = NO;
				SDKROOT = macosx;
			};
			name = Release;
		};
		E9397DA81AB2A06C002AD86B /* Debug */ = {
			isa = XCBuildConfiguration;
			buildSettings = {
				LIBRARY_SEARCH_PATHS = (
					"/Developer/NVIDIA/CUDA-7.0/nvvm/lib",
					"/Developer/NVIDIA/CUDA-7.0/lib",
				);
				PRODUCT_NAME = "$(TARGET_NAME)";
			};
			name = Debug;
		};
		E9397DA91AB2A06C002AD86B /* Release */ = {
			isa = XCBuildConfiguration;
			buildSettings = {
				LIBRARY_SEARCH_PATHS = (
					"/Developer/NVIDIA/CUDA-7.0/nvvm/lib",
					"/Developer/NVIDIA/CUDA-7.0/lib",
				);
				PRODUCT_NAME = "$(TARGET_NAME)";
			};
			name = Release;
		};
		E9E910151AB65D3000A0E4D6 /* Debug */ = {
			isa = XCBuildConfiguration;
			buildSettings = {
				DEBUGGING_SYMBOLS = YES;
				GCC_GENERATE_DEBUGGING_SYMBOLS = YES;
				GCC_OPTIMIZATION_LEVEL = 0;
				GCC_PREPROCESSOR_DEFINITIONS = (
					"DEBUG=1",
					"$(inherited)",
				);
				OTHER_CFLAGS = "";
				OTHER_LDFLAGS = "";
				PRODUCT_NAME = treecode.cu.cpp.ii;
			};
			name = Debug;
		};
		E9E910161AB65D3000A0E4D6 /* Release */ = {
			isa = XCBuildConfiguration;
			buildSettings = {
				OTHER_CFLAGS = "";
				OTHER_LDFLAGS = "";
				PRODUCT_NAME = treecode.cu.cpp.ii;
			};
			name = Release;
		};
/* End XCBuildConfiguration section */

/* Begin XCConfigurationList section */
		E9397D9B1AB2A06C002AD86B /* Build configuration list for PBXProject "TreeTraverse" */ = {
			isa = XCConfigurationList;
			buildConfigurations = (
				E9397DA51AB2A06C002AD86B /* Debug */,
				E9397DA61AB2A06C002AD86B /* Release */,
			);
			defaultConfigurationIsVisible = 0;
			defaultConfigurationName = Release;
		};
		E9397DA71AB2A06C002AD86B /* Build configuration list for PBXNativeTarget "TreeTraverse" */ = {
			isa = XCConfigurationList;
			buildConfigurations = (
				E9397DA81AB2A06C002AD86B /* Debug */,
				E9397DA91AB2A06C002AD86B /* Release */,
			);
			defaultConfigurationIsVisible = 0;
			defaultConfigurationName = Release;
		};
		E9E910141AB65D3000A0E4D6 /* Build configuration list for PBXLegacyTarget "TreeTraverse-CUDA" */ = {
			isa = XCConfigurationList;
			buildConfigurations = (
				E9E910151AB65D3000A0E4D6 /* Debug */,
				E9E910161AB65D3000A0E4D6 /* Release */,
			);
			defaultConfigurationIsVisible = 0;
			defaultConfigurationName = Release;
		};
/* End XCConfigurationList section */
	};
	rootObject = E9397D981AB2A06C002AD86B /* Project object */;
}
